
Microsoft Visual Studio Solution File, Format Version 12.00
# Visual Studio Version 16
VisualStudioVersion = 16.0.29418.71
MinimumVisualStudioVersion = 10.0.40219.1
Project("{FAE04EC0-301F-11D3-BF4B-00C04F79EFBC}") = "P4Project2", "P4Project2\P4Project2.csproj", "{12C0ABC8-F53F-43E9-90B9-221D19FEE623}"
EndProject
Global
	GlobalSection(SolutionConfigurationPlatforms) = preSolution
		Debug|Any CPU = Debug|Any CPU
		Release|Any CPU = Release|Any CPU
	EndGlobalSection
	GlobalSection(ProjectConfigurationPlatforms) = postSolution
		{12C0ABC8-F53F-43E9-90B9-221D19FEE623}.Debug|Any CPU.ActiveCfg = Debug|Any CPU
		{12C0ABC8-F53F-43E9-90B9-221D19FEE623}.Debug|Any CPU.Build.0 = Debug|Any CPU
		{12C0ABC8-F53F-43E9-90B9-221D19FEE623}.Release|Any CPU.ActiveCfg = Release|Any CPU
		{12C0ABC8-F53F-43E9-90B9-221D19FEE623}.Release|Any CPU.Build.0 = Release|Any CPU
	EndGlobalSection
	GlobalSection(SolutionProperties) = preSolution
		HideSolutionNode = FALSE
	EndGlobalSection
	GlobalSection(ExtensibilityGlobals) = postSolution
		SolutionGuid = {8E64100E-34E7-43D4-BAFF-0E50474265D1}
	EndGlobalSection
EndGlobal
